
Microsoft Visual Studio Solution File, Format Version 12.00
# Visual Studio Version 17
VisualStudioVersion = 17.14.36408.4 d17.14
MinimumVisualStudioVersion = 10.0.40219.1
Project("{FAE04EC0-301F-11D3-BF4B-00C04F79EFBC}") = "MauiAppHotel", "MauiAppHotel\MauiAppHotel.csproj", "{16B409D0-F388-43EC-8B44-918877894558}"
EndProject
Global
	GlobalSection(SolutionConfigurationPlatforms) = preSolution
		Debug|Any CPU = Debug|Any CPU
		Release|Any CPU = Release|Any CPU
	EndGlobalSection
	GlobalSection(ProjectConfigurationPlatforms) = postSolution
		{16B409D0-F388-43EC-8B44-918877894558}.Debug|Any CPU.ActiveCfg = Debug|Any CPU
		{16B409D0-F388-43EC-8B44-918877894558}.Debug|Any CPU.Build.0 = Debug|Any CPU
		{16B409D0-F388-43EC-8B44-918877894558}.Release|Any CPU.ActiveCfg = Release|Any CPU
		{16B409D0-F388-43EC-8B44-918877894558}.Release|Any CPU.Build.0 = Release|Any CPU
	EndGlobalSection
	GlobalSection(SolutionProperties) = preSolution
		HideSolutionNode = FALSE
	EndGlobalSection
	GlobalSection(ExtensibilityGlobals) = postSolution
		SolutionGuid = {61FC4503-771C-4F6E-9D6A-DA9906747FF8}
	EndGlobalSection
EndGlobal
